version = 1
revision = 3
requires-python = ">=3.11"

[[package]]
name = "annotated-doc"
version = "0.0.5"
source = { registry = "https://pypi.org/simple" }
sdist = { url = "https://files.pythonhosted.org/packages/5a/8e/38aa427ed5402449e226975b649c5dc73ccadfefeb95e6aecb8f8ea4b6b6/annotated_doc-0.0.5.tar.gz", hash = "sha256:c7e58ce09192557605d8bbd92836d7e1d520ac9580096042c0bfd197efacf1bb", size = 10758, upload-time = "2026-07-28T13:50:58.129Z" }
wheels = [
    { url = "https://files.pythonhosted.org/packages/3e/30/e900b21425a860e195f32e37657aa1f7c7f2b1bfb26f03ca209b90933c06/annotated_doc-0.0.5-py3-none-any.whl", hash = "sha256:117bac03a25ede5df5440e855b32d556049ca169ead221505badf432fed4b101", size = 5302, upload-time = "2026-07-28T13:50:57.239Z" },
]

[[package]]
name = "click"
version = "8.5.0"
source = { registry = "https://pypi.org/simple" }
sdist = { url = "https://files.pythonhosted.org/packages/c7/0e/7fa0ef50764b67090eca4114772a2abf8b6148198475e54c660b97caeee6/click-8.5.0.tar.gz", hash = "sha256:ba0d2089de75ea0310e2dde03160e6ca10009947fb95a182f9b54021bb272e34", size = 382235, upload-time = "2026-08-26T13:33:14.56Z" }
wheels = [
    { url = "https://files.pythonhosted.org/packages/58/50/6c0d534c5f134586a8e1ba4e330569e32f057e33372ae556463212fb4cd3/click-8.5.0-py3-none-any.whl", hash = "sha256:255bc9599cf7748b4b1a446ccc735421bd08a2ae529a8b88597d3de5664ee360", size = 125251, upload-time = "2026-08-26T13:33:12.928Z" },
]

[[package]]
name = "cronsim"
version = "2.7"
source = { registry = "https://pypi.org/simple" }
wheels = [
    { url = "https://files.pythonhosted.org/packages/fb/1a/02f105147f7f2e06ed4f734ff5a6439590bb275a53dd91fc73df6312298a/cronsim-2.7-py3-none-any.whl", hash = "sha256:1e1431fa08c51dc7f72e67e571c7c7a09af26420169b607badd4ca9677ffad1e", size = 14213, upload-time = "2025-10-21T16:38:20.431Z" },
]

[[package]]
name = "hindsight-cli"
version = "0.1.0"
source = { editable = "." }
dependencies = [
    { name = "click" },
    { name = "cronsim" },
    { name = "typer-slim" },
]

[package.metadata]
requires-dist = [
    { name = "click", specifier = "<9" },
    { name = "cronsim", specifier = ">=2.7" },
    { name = "typer-slim", specifier = ">=0.16,<0.22" },
]

[[package]]
name = "typer-slim"
version = "0.21.2"
source = { registry = "https://pypi.org/simple" }
dependencies = [
    { name = "annotated-doc" },
    { name = "click" },
]
sdist = { url = "https://files.pythonhosted.org/packages/a5/ca/0d9d822fd8a4c7e830cba36a2557b070d4b4a9558a0460377a61f8fb315d/typer_slim-0.21.2.tar.gz", hash = "sha256:78f20d793036a62aaf9c3798306142b08261d4b2a941c6e463081239f062a2f9", size = 120497, upload-time = "2026-02-10T19:33:45.836Z" }
wheels = [
    { url = "https://files.pythonhosted.org/packages/54/03/e09325cfc40a33a82b31ba1a3f1d97e85246736856a45a43b19fcb48b1c2/typer_slim-0.21.2-py3-none-any.whl", hash = "sha256:4705082bb6c66c090f60e47c8be09a93158c139ce0aa98df7c6c47e723395e5f", size = 56790, upload-time = "2026-02-10T19:33:47.221Z" },
]
